
Microsoft Visual Studio Solution File, Format Version 12.00
# Visual Studio Version 17
VisualStudioVersion = 17.5.2.0
MinimumVisualStudioVersion = 10.0.40219.1
Project("{FAE04EC0-301F-11D3-BF4B-00C04F79EFBC}") = "QueenRapier", "QueenRapier\QueenRapier.csproj", "{381F1E8D-3F18-4210-B632-0FEDCB9E270C}"
EndProject
Global
	GlobalSection(SolutionConfigurationPlatforms) = preSolution
		Debug|Any CPU = Debug|Any CPU
		Release|Any CPU = Release|Any CPU
	EndGlobalSection
	GlobalSection(ProjectConfigurationPlatforms) = postSolution
		{381F1E8D-3F18-4210-B632-0FEDCB9E270C}.Debug|Any CPU.ActiveCfg = Debug|Any CPU
		{381F1E8D-3F18-4210-B632-0FEDCB9E270C}.Debug|Any CPU.Build.0 = Debug|Any CPU
		{381F1E8D-3F18-4210-B632-0FEDCB9E270C}.Release|Any CPU.ActiveCfg = Release|Any CPU
		{381F1E8D-3F18-4210-B632-0FEDCB9E270C}.Release|Any CPU.Build.0 = Release|Any CPU
	EndGlobalSection
	GlobalSection(SolutionProperties) = preSolution
		HideSolutionNode = FALSE
	EndGlobalSection
	GlobalSection(ExtensibilityGlobals) = postSolution
		SolutionGuid = {C719635C-5FEB-4D6C-8095-0744CD7DB057}
	EndGlobalSection
EndGlobal